// !$*UTF8*$!
{
	archiveVersion = 1;
	classes = {};
	objectVersion = 56;
	objects = {
		RM0000000000000000000001 = {isa = PBXBuildFile; fileRef = RM0000000000000000000002; };
		RM0000000000000000000003 = {isa = PBXBuildFile; fileRef = RM0000000000000000000004; };
		RM0000000000000000000017 = {isa = PBXBuildFile; fileRef = RM0000000000000000000018; };
		RM0000000000000000000007 = {isa = PBXFileReference; explicitFileType = wrapper.application; includeInIndex = 0; path = RemainingMaterialCensusAdapter.app; sourceTree = BUILT_PRODUCTS_DIR; };
		RM0000000000000000000002 = {isa = PBXFileReference; lastKnownFileType = sourcecode.cpp.objcpp; path = main.mm; sourceTree = "<group>"; };
		RM0000000000000000000008 = {isa = PBXFileReference; lastKnownFileType = text.plist.xml; path = Info.plist; sourceTree = "<group>"; };
		RM0000000000000000000004 = {isa = PBXFileReference; explicitFileType = folder; path = fixtures; sourceTree = "<group>"; };
		RM0000000000000000000018 = {isa = PBXFileReference; lastKnownFileType = wrapper.framework; name = UIKit.framework; path = System/Library/Frameworks/UIKit.framework; sourceTree = SDKROOT; };
		RM0000000000000000000009 = {isa = PBXGroup; children = (RM000000000000000000000A, RM0000000000000000000004, RM0000000000000000000018, RM000000000000000000000B); sourceTree = "<group>"; };
		RM000000000000000000000A = {isa = PBXGroup; children = (RM0000000000000000000002, RM0000000000000000000008); path = RemainingMaterialCensusAdapter; sourceTree = "<group>"; };
		RM000000000000000000000B = {isa = PBXGroup; children = (RM0000000000000000000007); name = Products; sourceTree = "<group>"; };
		RM000000000000000000000C = {isa = PBXSourcesBuildPhase; buildActionMask = 2147483647; files = (RM0000000000000000000001); runOnlyForDeploymentPostprocessing = 0; };
		RM000000000000000000000D = {isa = PBXFrameworksBuildPhase; buildActionMask = 2147483647; files = (RM0000000000000000000017); runOnlyForDeploymentPostprocessing = 0; };
		RM000000000000000000000E = {isa = PBXResourcesBuildPhase; buildActionMask = 2147483647; files = (RM0000000000000000000003); runOnlyForDeploymentPostprocessing = 0; };
		RM000000000000000000000F = {isa = PBXNativeTarget; buildConfigurationList = RM0000000000000000000010; buildPhases = (RM000000000000000000000C, RM000000000000000000000D, RM000000000000000000000E); buildRules = (); dependencies = (); name = RemainingMaterialCensusAdapter; productName = RemainingMaterialCensusAdapter; productReference = RM0000000000000000000007; productType = "com.apple.product-type.application"; };
		RM0000000000000000000011 = {isa = PBXProject; attributes = {BuildIndependentTargetsInParallel = 1; LastUpgradeCheck = 2700; TargetAttributes = {RM000000000000000000000F = {CreatedOnToolsVersion = 27.0; ProvisioningStyle = Manual; };};}; buildConfigurationList = RM0000000000000000000012; compatibilityVersion = "Xcode 14.0"; developmentRegion = en; hasScannedForEncodings = 0; knownRegions = (en, Base); mainGroup = RM0000000000000000000009; productRefGroup = RM000000000000000000000B; projectDirPath = ""; projectRoot = ""; targets = (RM000000000000000000000F); };
		RM0000000000000000000013 = {isa = XCBuildConfiguration; buildSettings = {ALWAYS_SEARCH_USER_PATHS = NO; CLANG_CXX_LANGUAGE_STANDARD = "c++20"; CLANG_ENABLE_MODULES = YES; IPHONEOS_DEPLOYMENT_TARGET = 16.4; SDKROOT = iphonesimulator; SUPPORTED_PLATFORMS = iphonesimulator;}; name = Debug; };
		RM0000000000000000000014 = {isa = XCBuildConfiguration; buildSettings = {ALWAYS_SEARCH_USER_PATHS = NO; CLANG_CXX_LANGUAGE_STANDARD = "c++20"; CLANG_ENABLE_MODULES = YES; IPHONEOS_DEPLOYMENT_TARGET = 16.4; SDKROOT = iphonesimulator; SUPPORTED_PLATFORMS = iphonesimulator;}; name = Release; };
		RM0000000000000000000015 = {isa = XCBuildConfiguration; buildSettings = {CODE_SIGNING_ALLOWED = NO; CODE_SIGNING_REQUIRED = NO; CODE_SIGN_STYLE = Manual; CLANG_ENABLE_OBJC_ARC = YES; CURRENT_PROJECT_VERSION = 1; GENERATE_INFOPLIST_FILE = NO; GCC_PREPROCESSOR_DEFINITIONS = ("$(inherited)", "OPENGOTHIC_RENDERER_IOS_DIAGNOSTICS=1", "OPENGOTHIC_RENDERER_IOS_BUILD_SHA=\\\"$(OPENGOTHIC_RENDERER_IOS_BUILD_SHA)\\\""); GCC_TREAT_WARNINGS_AS_ERRORS = YES; HEADER_SEARCH_PATHS = ("$(PROJECT_DIR)/../..", "$(PROJECT_DIR)/../../lib/Tempest/Engine/include", "$(PROJECT_DIR)/../../lib/ZenKit/include"); INFOPLIST_FILE = RemainingMaterialCensusAdapter/Info.plist; IPHONEOS_DEPLOYMENT_TARGET = 16.4; LD_RUNPATH_SEARCH_PATHS = ("$(inherited)", "@executable_path/Frameworks"); MARKETING_VERSION = 1.0; OPENGOTHIC_RENDERER_IOS_BUILD_SHA = 0000000000000000000000000000000000000000; PRODUCT_BUNDLE_IDENTIFIER = opengothic.rendererios.remaining-material-census-adapter; PRODUCT_NAME = "$(TARGET_NAME)"; SUPPORTED_PLATFORMS = iphonesimulator; TARGETED_DEVICE_FAMILY = 1; WARNING_CFLAGS = ("-Wall", "-Wextra", "-Wpedantic");}; name = Debug; };
		RM0000000000000000000016 = {isa = XCBuildConfiguration; buildSettings = {CODE_SIGNING_ALLOWED = NO; CODE_SIGNING_REQUIRED = NO; CODE_SIGN_STYLE = Manual; CLANG_ENABLE_OBJC_ARC = YES; CURRENT_PROJECT_VERSION = 1; GENERATE_INFOPLIST_FILE = NO; GCC_PREPROCESSOR_DEFINITIONS = ("$(inherited)", "OPENGOTHIC_RENDERER_IOS_DIAGNOSTICS=1", "OPENGOTHIC_RENDERER_IOS_BUILD_SHA=\\\"$(OPENGOTHIC_RENDERER_IOS_BUILD_SHA)\\\""); GCC_TREAT_WARNINGS_AS_ERRORS = YES; HEADER_SEARCH_PATHS = ("$(PROJECT_DIR)/../..", "$(PROJECT_DIR)/../../lib/Tempest/Engine/include", "$(PROJECT_DIR)/../../lib/ZenKit/include"); INFOPLIST_FILE = RemainingMaterialCensusAdapter/Info.plist; IPHONEOS_DEPLOYMENT_TARGET = 16.4; LD_RUNPATH_SEARCH_PATHS = ("$(inherited)", "@executable_path/Frameworks"); MARKETING_VERSION = 1.0; OPENGOTHIC_RENDERER_IOS_BUILD_SHA = 0000000000000000000000000000000000000000; PRODUCT_BUNDLE_IDENTIFIER = opengothic.rendererios.remaining-material-census-adapter; PRODUCT_NAME = "$(TARGET_NAME)"; SUPPORTED_PLATFORMS = iphonesimulator; TARGETED_DEVICE_FAMILY = 1; WARNING_CFLAGS = ("-Wall", "-Wextra", "-Wpedantic");}; name = Release; };
		RM0000000000000000000010 = {isa = XCConfigurationList; buildConfigurations = (RM0000000000000000000015, RM0000000000000000000016); defaultConfigurationIsVisible = 0; defaultConfigurationName = Debug; };
		RM0000000000000000000012 = {isa = XCConfigurationList; buildConfigurations = (RM0000000000000000000013, RM0000000000000000000014); defaultConfigurationIsVisible = 0; defaultConfigurationName = Debug; };
	};
	rootObject = RM0000000000000000000011;
}
